
Microsoft Visual Studio Solution File, Format Version 12.00
# Visual Studio Version 16
VisualStudioVersion = 16.0.31515.178
MinimumVisualStudioVersion = 10.0.40219.1
Project("{778DAE3C-4631-46EA-AA77-85C1314464D9}") = "BatchFfmpegWinUI", "BatchFfmpegWinUI\BatchFfmpegWinUI.vbproj", "{3EA55F13-94AB-47BD-B991-FED7BB2CA9F1}"
EndProject
Project("{C7167F0D-BC9F-4E6E-AFE1-012C56B48DB5}") = "BatchFfmpegWinUI_Pack", "BatchFfmpegWinUI_Pack\BatchFfmpegWinUI_Pack.wapproj", "{491C0DE8-3ED2-46C4-B722-387C55AA16C2}"
EndProject
Global
	GlobalSection(SolutionConfigurationPlatforms) = preSolution
		Debug|Any CPU = Debug|Any CPU
		Debug|ARM = Debug|ARM
		Debug|ARM64 = Debug|ARM64
		Debug|x64 = Debug|x64
		Debug|x86 = Debug|x86
		Release|Any CPU = Release|Any CPU
		Release|ARM = Release|ARM
		Release|ARM64 = Release|ARM64
		Release|x64 = Release|x64
		Release|x86 = Release|x86
	EndGlobalSection
	GlobalSection(ProjectConfigurationPlatforms) = postSolution
		{3EA55F13-94AB-47BD-B991-FED7BB2CA9F1}.Debug|Any CPU.ActiveCfg = Debug|x86
		{3EA55F13-94AB-47BD-B991-FED7BB2CA9F1}.Debug|Any CPU.Build.0 = Debug|x86
		{3EA55F13-94AB-47BD-B991-FED7BB2CA9F1}.Debug|ARM.ActiveCfg = Debug|Any CPU
		{3EA55F13-94AB-47BD-B991-FED7BB2CA9F1}.Debug|ARM.Build.0 = Debug|Any CPU
		{3EA55F13-94AB-47BD-B991-FED7BB2CA9F1}.Debug|ARM64.ActiveCfg = Debug|Any CPU
		{3EA55F13-94AB-47BD-B991-FED7BB2CA9F1}.Debug|ARM64.Build.0 = Debug|Any CPU
		{3EA55F13-94AB-47BD-B991-FED7BB2CA9F1}.Debug|x64.ActiveCfg = Debug|x64
		{3EA55F13-94AB-47BD-B991-FED7BB2CA9F1}.Debug|x64.Build.0 = Debug|x64
		{3EA55F13-94AB-47BD-B991-FED7BB2CA9F1}.Debug|x86.ActiveCfg = Debug|Any CPU
		{3EA55F13-94AB-47BD-B991-FED7BB2CA9F1}.Debug|x86.Build.0 = Debug|Any CPU
		{3EA55F13-94AB-47BD-B991-FED7BB2CA9F1}.Release|Any CPU.ActiveCfg = Release|Any CPU
		{3EA55F13-94AB-47BD-B991-FED7BB2CA9F1}.Release|Any CPU.Build.0 = Release|Any CPU
		{3EA55F13-94AB-47BD-B991-FED7BB2CA9F1}.Release|ARM.ActiveCfg = Release|Any CPU
		{3EA55F13-94AB-47BD-B991-FED7BB2CA9F1}.Release|ARM.Build.0 = Release|Any CPU
		{3EA55F13-94AB-47BD-B991-FED7BB2CA9F1}.Release|ARM64.ActiveCfg = Release|Any CPU
		{3EA55F13-94AB-47BD-B991-FED7BB2CA9F1}.Release|ARM64.Build.0 = Release|Any CPU
		{3EA55F13-94AB-47BD-B991-FED7BB2CA9F1}.Release|x64.ActiveCfg = Release|Any CPU
		{3EA55F13-94AB-47BD-B991-FED7BB2CA9F1}.Release|x64.Build.0 = Release|Any CPU
		{3EA55F13-94AB-47BD-B991-FED7BB2CA9F1}.Release|x86.ActiveCfg = Release|Any CPU
		{3EA55F13-94AB-47BD-B991-FED7BB2CA9F1}.Release|x86.Build.0 = Release|Any CPU
		{491C0DE8-3ED2-46C4-B722-387C55AA16C2}.Debug|Any CPU.ActiveCfg = Debug|Any CPU
		{491C0DE8-3ED2-46C4-B722-387C55AA16C2}.Debug|Any CPU.Build.0 = Debug|Any CPU
		{491C0DE8-3ED2-46C4-B722-387C55AA16C2}.Debug|Any CPU.Deploy.0 = Debug|Any CPU
		{491C0DE8-3ED2-46C4-B722-387C55AA16C2}.Debug|ARM.ActiveCfg = Debug|ARM
		{491C0DE8-3ED2-46C4-B722-387C55AA16C2}.Debug|ARM.Build.0 = Debug|ARM
		{491C0DE8-3ED2-46C4-B722-387C55AA16C2}.Debug|ARM.Deploy.0 = Debug|ARM
		{491C0DE8-3ED2-46C4-B722-387C55AA16C2}.Debug|ARM64.ActiveCfg = Debug|ARM64
		{491C0DE8-3ED2-46C4-B722-387C55AA16C2}.Debug|ARM64.Build.0 = Debug|ARM64
		{491C0DE8-3ED2-46C4-B722-387C55AA16C2}.Debug|ARM64.Deploy.0 = Debug|ARM64
		{491C0DE8-3ED2-46C4-B722-387C55AA16C2}.Debug|x64.ActiveCfg = Debug|x64
		{491C0DE8-3ED2-46C4-B722-387C55AA16C2}.Debug|x64.Build.0 = Debug|x64
		{491C0DE8-3ED2-46C4-B722-387C55AA16C2}.Debug|x64.Deploy.0 = Debug|x64
		{491C0DE8-3ED2-46C4-B722-387C55AA16C2}.Debug|x86.ActiveCfg = Debug|x86
		{491C0DE8-3ED2-46C4-B722-387C55AA16C2}.Debug|x86.Build.0 = Debug|x86
		{491C0DE8-3ED2-46C4-B722-387C55AA16C2}.Debug|x86.Deploy.0 = Debug|x86
		{491C0DE8-3ED2-46C4-B722-387C55AA16C2}.Release|Any CPU.ActiveCfg = Release|Any CPU
		{491C0DE8-3ED2-46C4-B722-387C55AA16C2}.Release|Any CPU.Build.0 = Release|Any CPU
		{491C0DE8-3ED2-46C4-B722-387C55AA16C2}.Release|Any CPU.Deploy.0 = Release|Any CPU
		{491C0DE8-3ED2-46C4-B722-387C55AA16C2}.Release|ARM.ActiveCfg = Release|ARM
		{491C0DE8-3ED2-46C4-B722-387C55AA16C2}.Release|ARM.Build.0 = Release|ARM
		{491C0DE8-3ED2-46C4-B722-387C55AA16C2}.Release|ARM.Deploy.0 = Release|ARM
		{491C0DE8-3ED2-46C4-B722-387C55AA16C2}.Release|ARM64.ActiveCfg = Release|ARM64
		{491C0DE8-3ED2-46C4-B722-387C55AA16C2}.Release|ARM64.Build.0 = Release|ARM64
		{491C0DE8-3ED2-46C4-B722-387C55AA16C2}.Release|ARM64.Deploy.0 = Release|ARM64
		{491C0DE8-3ED2-46C4-B722-387C55AA16C2}.Release|x64.ActiveCfg = Release|x64
		{491C0DE8-3ED2-46C4-B722-387C55AA16C2}.Release|x64.Build.0 = Release|x64
		{491C0DE8-3ED2-46C4-B722-387C55AA16C2}.Release|x64.Deploy.0 = Release|x64
		{491C0DE8-3ED2-46C4-B722-387C55AA16C2}.Release|x86.ActiveCfg = Release|x86
		{491C0DE8-3ED2-46C4-B722-387C55AA16C2}.Release|x86.Build.0 = Release|x86
		{491C0DE8-3ED2-46C4-B722-387C55AA16C2}.Release|x86.Deploy.0 = Release|x86
	EndGlobalSection
	GlobalSection(SolutionProperties) = preSolution
		HideSolutionNode = FALSE
	EndGlobalSection
	GlobalSection(ExtensibilityGlobals) = postSolution
		SolutionGuid = {02E8F1F1-8211-47B3-919B-D34053C90673}
	EndGlobalSection
EndGlobal
